# This file is generated by running "yarn install" inside your project.
# Manual changes might be lost - proceed with caution!

__metadata:
  version: 8
  cacheKey: 10c0

"@mapbox/jsonlint-lines-primitives@npm:^2.0.2":
  version: 2.0.2
  resolution: "@mapbox/jsonlint-lines-primitives@npm:2.0.2"
  checksum: 10c0/5814e42fc453700132f93ea742aabcef9a3c98d9bf17d4c1106f82d1dcd91bbc93052e66e29014323b9b2a41b020c743d897e4a96cc4ed2f734482d587d8c2b2
  languageName: node
  linkType: hard

"@mapbox/mapbox-gl-supported@npm:^3.0.0":
  version: 3.0.0
  resolution: "@mapbox/mapbox-gl-supported@npm:3.0.0"
  checksum: 10c0/4e9641072eab382ef6930be55199a5cf621bb96552dc941d865eb0007f746219352e1d2238b578eaaf4c0121018248ec73d108cc40b8ce177e2ad33c89dfea61
  languageName: node
  linkType: hard

"@mapbox/point-geometry@npm:0.1.0, @mapbox/point-geometry@npm:^0.1.0, @mapbox/point-geometry@npm:~0.1.0":
  version: 0.1.0
  resolution: "@mapbox/point-geometry@npm:0.1.0"
  checksum: 10c0/e4d861908574cb3165f5ad37b000416ebc90a2d6b3e0073191e6b6dc5074a6159d84ac5114d78557399bb429134f0d05bfb529e7902d1cb2b36d722b72ab662c
  languageName: node
  linkType: hard

"@mapbox/tiny-sdf@npm:^2.0.6":
  version: 2.0.6
  resolution: "@mapbox/tiny-sdf@npm:2.0.6"
  checksum: 10c0/cb272578a30c88d6694937af9b084106aa251e92c71089e7d57b0df8152fd0ce0598d5816182a4cd478dc40b188ea680cb6d53f4385107719424beabe7ed4e13
  languageName: node
  linkType: hard

"@mapbox/unitbezier@npm:^0.0.1":
  version: 0.0.1
  resolution: "@mapbox/unitbezier@npm:0.0.1"
  checksum: 10c0/97f39d4fbdf9579d0a1a8be0d536eb113a805d36459e774014f488a7ca6cc9dcfc77ab7a2ebe5af395ad50da6efb4dbf2566de0db3f62b6b8675cddbace8f86a
  languageName: node
  linkType: hard

"@mapbox/vector-tile@npm:^1.3.1":
  version: 1.3.1
  resolution: "@mapbox/vector-tile@npm:1.3.1"
  dependencies:
    "@mapbox/point-geometry": "npm:~0.1.0"
  checksum: 10c0/ffb271b95c383923768295e72bdf95e428efb906434b864ea04d3853a8373cf0de19f039bd6615f7cf018fbfb4dbf4599f27ebaa86c2b7b09f7d69187f8d7da1
  languageName: node
  linkType: hard

"@mapbox/whoots-js@npm:^3.1.0":
  version: 3.1.0
  resolution: "@mapbox/whoots-js@npm:3.1.0"
  checksum: 10c0/fe9e959a9049bcbc2c05d9d1156e050191ad697a1bd95e41cdfa069051ff1d6f2930ced234a8d68d5a0bf78091feab30d76497418ec800d90f0aac8691fe4fd4
  languageName: node
  linkType: hard

"@react-leaflet/core@npm:^2.1.0":
  version: 2.1.0
  resolution: "@react-leaflet/core@npm:2.1.0"
  peerDependencies:
    leaflet: ^1.9.0
    react: ^18.0.0
    react-dom: ^18.0.0
  checksum: 10c0/d5218c79ab9decd458e1fa8a0ec3757542e3ea4e569afa151a32ef0e9ceb63a13174f3fbc740fe0d514df8b0b3e30d913bfb0b8b661dac13924934d7e430bfc9
  languageName: node
  linkType: hard

"@types/geojson-vt@npm:^3.2.5":
  version: 3.2.5
  resolution: "@types/geojson-vt@npm:3.2.5"
  dependencies:
    "@types/geojson": "npm:*"
  checksum: 10c0/bfd9157c7d0441dc4b420e0c6df65b4e4b29f3d33cc77667b3dc5acd68ba6326bfbfd867642645357382e3374ceebfb9c5d15f2b2c0ee3e3c492e0b5a2bb71be
  languageName: node
  linkType: hard

"@types/geojson@npm:*, @types/geojson@npm:^7946.0.14":
  version: 7946.0.14
  resolution: "@types/geojson@npm:7946.0.14"
  checksum: 10c0/54f3997708fa2970c03eeb31f7e4540a0eb6387b15e9f8a60513a1409c23cafec8d618525404573468b59c6fecbfd053724b3327f7fca416729c26271d799f55
  languageName: node
  linkType: hard

"@types/mapbox__point-geometry@npm:*, @types/mapbox__point-geometry@npm:^0.1.4":
  version: 0.1.4
  resolution: "@types/mapbox__point-geometry@npm:0.1.4"
  checksum: 10c0/670191664ea0a6ccb4563500fe815a9aba029ba2f0528d42f9eb560ccb44f6542ba8674e2a3f6d41bd10ad8855b4df4782b5340c980ca182ef9fe6752f2737b8
  languageName: node
  linkType: hard

"@types/mapbox__vector-tile@npm:^1.3.4":
  version: 1.3.4
  resolution: "@types/mapbox__vector-tile@npm:1.3.4"
  dependencies:
    "@types/geojson": "npm:*"
    "@types/mapbox__point-geometry": "npm:*"
    "@types/pbf": "npm:*"
  checksum: 10c0/082907ed9cf96b82327dabf3b4c3a14746a825e4a81f0abf46b50e2557f25cbda652725d8af002e5edcc344a83c85e1a4b71a2d39ef4d829c243344a85ac13a6
  languageName: node
  linkType: hard

"@types/pbf@npm:*, @types/pbf@npm:^3.0.5":
  version: 3.0.5
  resolution: "@types/pbf@npm:3.0.5"
  checksum: 10c0/c32348c6c81e6c31fe4a1f59983e3a9904727b809fb1e5ddec4fad49abaf93070ec26ee0c04c6516536c181c945b3c7d9e226549eaac3b2e12cb7b57f549a49c
  languageName: node
  linkType: hard

"@types/supercluster@npm:^7.1.3":
  version: 7.1.3
  resolution: "@types/supercluster@npm:7.1.3"
  dependencies:
    "@types/geojson": "npm:*"
  checksum: 10c0/0d55dad98df0990fc38a7bb64dc23dda46014187c0d7638e6f2b6717ba8931b13e5b1d394789833a2ac822014c977ef64623dffd81a0bbf39e52c53c8183741f
  languageName: node
  linkType: hard

"cheap-ruler@npm:^4.0.0":
  version: 4.0.0
  resolution: "cheap-ruler@npm:4.0.0"
  checksum: 10c0/0dab0383f7f60ead35d8a10265a532fba33e529509094625a694987906352badd11ad64cadc30a4c3f2e95cb7ff9ede58d1b9f0a24a803e5723c1cd714a5c314
  languageName: node
  linkType: hard

"csscolorparser@npm:~1.0.3":
  version: 1.0.3
  resolution: "csscolorparser@npm:1.0.3"
  checksum: 10c0/57b30e1dd3e639fb74d63d3ee5a078ae6d0aaba26bc731fdec1a0f50fd77c2531a1fca2bbe07c18e0569255f92064cda0747e0115955fdb8c037332798ca634f
  languageName: node
  linkType: hard

"earcut@npm:^3.0.0":
  version: 3.0.0
  resolution: "earcut@npm:3.0.0"
  checksum: 10c0/20f3d8492f02452648466d2ce98276c9317c4d6980fc2596b1cb119fc3ef2d034724c5721de2af191331fb43610a27995b0f1b611d3386976b770ae9af7b3bbe
  languageName: node
  linkType: hard

"geojson-vt@npm:^4.0.2":
  version: 4.0.2
  resolution: "geojson-vt@npm:4.0.2"
  checksum: 10c0/f2ca14d868e46f6262f5d3862f8e38a2418ecf9bd7cd6938a67bf87f1e2f8fbf65345d95996711b07cdf8f05ef512be0e2c20f0a8179c6393c2fd41badcb0532
  languageName: node
  linkType: hard

"gl-matrix@npm:^3.4.3":
  version: 3.4.3
  resolution: "gl-matrix@npm:3.4.3"
  checksum: 10c0/c8ee6e2ce2d089b4ba4ae13ec9d4cb99bf2abe5f68f0cb08d94bbd8bafbec13aacc7230b86539ce5ca01b79226ea8c3194f971f5ca0c81838bc5e4e619dc398e
  languageName: node
  linkType: hard

"grid-index@npm:^1.1.0":
  version: 1.1.0
  resolution: "grid-index@npm:1.1.0"
  checksum: 10c0/0ba2a622a52badc86642a002abee79b48c207092347e869528253e634573b9b55494db649fbd1779122d797aaa3b59e284023a96a7a5c666c7375f0e320f8f57
  languageName: node
  linkType: hard

"ieee754@npm:^1.1.12":
  version: 1.2.1
  resolution: "ieee754@npm:1.2.1"
  checksum: 10c0/b0782ef5e0935b9f12883a2e2aa37baa75da6e66ce6515c168697b42160807d9330de9a32ec1ed73149aea02e0d822e572bca6f1e22bdcbd2149e13b050b17bb
  languageName: node
  linkType: hard

"kdbush@npm:^4.0.2":
  version: 4.0.2
  resolution: "kdbush@npm:4.0.2"
  checksum: 10c0/d50183b299c57e2573114e902ab47aed7494be3ca41b66d456779ecc3b2f153f491de341f9609965414784f728894f9a9001152eb9f3a40cd3755521c06a45a3
  languageName: node
  linkType: hard

"leaflet@npm:^1.9.4":
  version: 1.9.4
  resolution: "leaflet@npm:1.9.4"
  checksum: 10c0/f639441dbb7eb9ae3fcd29ffd7d3508f6c6106892441634b0232fafb9ffb1588b05a8244ec7085de2c98b5ed703894df246898477836cfd0ce5b96d4717b5ca1
  languageName: node
  linkType: hard

"mapbox-gl@npm:^3.8.0":
  version: 3.8.0
  resolution: "mapbox-gl@npm:3.8.0"
  dependencies:
    "@mapbox/jsonlint-lines-primitives": "npm:^2.0.2"
    "@mapbox/mapbox-gl-supported": "npm:^3.0.0"
    "@mapbox/point-geometry": "npm:^0.1.0"
    "@mapbox/tiny-sdf": "npm:^2.0.6"
    "@mapbox/unitbezier": "npm:^0.0.1"
    "@mapbox/vector-tile": "npm:^1.3.1"
    "@mapbox/whoots-js": "npm:^3.1.0"
    "@types/geojson": "npm:^7946.0.14"
    "@types/geojson-vt": "npm:^3.2.5"
    "@types/mapbox__point-geometry": "npm:^0.1.4"
    "@types/mapbox__vector-tile": "npm:^1.3.4"
    "@types/pbf": "npm:^3.0.5"
    "@types/supercluster": "npm:^7.1.3"
    cheap-ruler: "npm:^4.0.0"
    csscolorparser: "npm:~1.0.3"
    earcut: "npm:^3.0.0"
    geojson-vt: "npm:^4.0.2"
    gl-matrix: "npm:^3.4.3"
    grid-index: "npm:^1.1.0"
    kdbush: "npm:^4.0.2"
    murmurhash-js: "npm:^1.0.0"
    pbf: "npm:^3.2.1"
    potpack: "npm:^2.0.0"
    quickselect: "npm:^3.0.0"
    serialize-to-js: "npm:^3.1.2"
    supercluster: "npm:^8.0.1"
    tinyqueue: "npm:^3.0.0"
    vt-pbf: "npm:^3.1.3"
  checksum: 10c0/eef465036ca708c751955fa5734a79536a0c0d556156f576d528a2d17d631a368496b6f8cbede52af4e0b8798336c231d1b047308741b4e23f1374459621f3bf
  languageName: node
  linkType: hard

"murmurhash-js@npm:^1.0.0":
  version: 1.0.0
  resolution: "murmurhash-js@npm:1.0.0"
  checksum: 10c0/f8569e16db0ba6f953bf88286e97cf737f1efe97b224e537c9308566ab963a067c7eca5b636fb473d6413c4cc3b79690b78ff7ab0f290e75db91c6fde0df92b4
  languageName: node
  linkType: hard

"pbf@npm:^3.2.1":
  version: 3.3.0
  resolution: "pbf@npm:3.3.0"
  dependencies:
    ieee754: "npm:^1.1.12"
    resolve-protobuf-schema: "npm:^2.1.0"
  bin:
    pbf: bin/pbf
  checksum: 10c0/79e5dc59a9391789de84b0a6d713fad0dd1e5ce6eb721536af8c9ec49feae04fdebab9f077b760bba858e615a95ac714a7d248ecb43736e904bb8396885e16d6
  languageName: node
  linkType: hard

"potpack@npm:^2.0.0":
  version: 2.0.0
  resolution: "potpack@npm:2.0.0"
  checksum: 10c0/8df693484486535b95586a624c5abf3fd7bebad161b1c10c10d86562c870fe1c90703b862a19020b1d1c2f3fbd6cea1e9d699c6eca6ded4b5792873a992c81e1
  languageName: node
  linkType: hard

"protocol-buffers-schema@npm:^3.3.1":
  version: 3.6.0
  resolution: "protocol-buffers-schema@npm:3.6.0"
  checksum: 10c0/23a08612e5cc903f917ae3b680216ccaf2d889c61daa68d224237f455182fa96fff16872ac94b1954b5dd26fc7e8ce7e9360c54d54ea26218d107b2f059fca37
  languageName: node
  linkType: hard

"quickselect@npm:^3.0.0":
  version: 3.0.0
  resolution: "quickselect@npm:3.0.0"
  checksum: 10c0/3a0d33b0ec06841d953accdfd735aa3d8b7922cddd12970544a2c4b0278871280d8f5ba496803600693c1e7b7b2fb57c31d2b14d99132f478888006a1be6e6b7
  languageName: node
  linkType: hard

"react-leaflet@npm:^4.2.1":
  version: 4.2.1
  resolution: "react-leaflet@npm:4.2.1"
  dependencies:
    "@react-leaflet/core": "npm:^2.1.0"
  peerDependencies:
    leaflet: ^1.9.0
    react: ^18.0.0
    react-dom: ^18.0.0
  checksum: 10c0/2e9d1687e883fd7d2e9798e51a04600e1b14784dc98b981a44507e65eb39a24f08c7f237c7522ae5667e999eb53b8d565ebd0f5baa25ef73a0278d6bfcc369e1
  languageName: node
  linkType: hard

"resolve-protobuf-schema@npm:^2.1.0":
  version: 2.1.0
  resolution: "resolve-protobuf-schema@npm:2.1.0"
  dependencies:
    protocol-buffers-schema: "npm:^3.3.1"
  checksum: 10c0/8e656b9072b1c001952f851251413bc79d8c771c3015f607b75e1ca3b8bd7c4396068dd19cdbb3019affa03f6457d2c0fd38d981ffd714215cd2e7c2b67221a7
  languageName: node
  linkType: hard

"root-workspace-0b6124@workspace:.":
  version: 0.0.0-use.local
  resolution: "root-workspace-0b6124@workspace:."
  dependencies:
    leaflet: "npm:^1.9.4"
    mapbox-gl: "npm:^3.8.0"
    react-leaflet: "npm:^4.2.1"
  languageName: unknown
  linkType: soft

"serialize-to-js@npm:^3.1.2":
  version: 3.1.2
  resolution: "serialize-to-js@npm:3.1.2"
  checksum: 10c0/1aa5ba6f7a8e125e8d476b736ceae37e0cee6f45506ddabb04f95f31d7ad2260c922e17fa6da714e8ec84bbd491705b98974653928a57926d8b91f10de556617
  languageName: node
  linkType: hard

"supercluster@npm:^8.0.1":
  version: 8.0.1
  resolution: "supercluster@npm:8.0.1"
  dependencies:
    kdbush: "npm:^4.0.2"
  checksum: 10c0/79121e6dbff67b3036ea6651f3baddb942478830ba3ecbc27455715ab5bd269de8381dc04618c0c15963346ea2ed0f81cd5f767c2978a63e2841807c73445d57
  languageName: node
  linkType: hard

"tinyqueue@npm:^3.0.0":
  version: 3.0.0
  resolution: "tinyqueue@npm:3.0.0"
  checksum: 10c0/edd6f1a6146aa3aa7bc85b44b3aacf44cddfa805b0901019272d7e9235894b4f28b2f9d09c1bce500ae48883b03708b6b871aa33920e895d2943720f7a9ad3ba
  languageName: node
  linkType: hard

"vt-pbf@npm:^3.1.3":
  version: 3.1.3
  resolution: "vt-pbf@npm:3.1.3"
  dependencies:
    "@mapbox/point-geometry": "npm:0.1.0"
    "@mapbox/vector-tile": "npm:^1.3.1"
    pbf: "npm:^3.2.1"
  checksum: 10c0/a568801ae25f0ffe65ef697bf520c996c8a4067f73f355c0d5815238de90322c8ca207c61220206141cfe6f5b525de875b7eb26e22979a1b768b96d03b93dca7
  languageName: node
  linkType: hard
